// !$*UTF8*$!
{
	archiveVersion = 1;
	classes = {
	};
	objectVersion = 48;
	objects = {

/* Begin PBXBuildFile section */
		7DCDD58EF206643E7D842739 /* Pods_TrackingAdvisor.framework in Frameworks */ = {isa = PBXBuildFile; fileRef = 9D48B79E01ECEFA6565DD968 /* Pods_TrackingAdvisor.framework */; };
		853C01657F4ED808C7BDAE59 /* Pods_TrackingAdvisorUITests.framework in Frameworks */ = {isa = PBXBuildFile; fileRef = 37ABB7F43432CF7884BB75CC /* Pods_TrackingAdvisorUITests.framework */; };
		B1A4BA59013AF66EF8A2333A /* Pods_TrackingAdvisorTests.framework in Frameworks */ = {isa = PBXBuildFile; fileRef = 91862FEE6D71D340ED381975 /* Pods_TrackingAdvisorTests.framework */; };
		B507BB5C1FFFCA1F00FEBC34 /* ProfileViewController.swift in Sources */ = {isa = PBXBuildFile; fileRef = B507BB5B1FFFCA1F00FEBC34 /* ProfileViewController.swift */; };
		B50B66912049BC5600427222 /* UnifiedPlaceInformationViewController.swift in Sources */ = {isa = PBXBuildFile; fileRef = B50B66902049BC5600427222 /* UnifiedPlaceInformationViewController.swift */; };
		B50EF6B21FA8AFAC0008ADFB /* LocationService.swift in Sources */ = {isa = PBXBuildFile; fileRef = B50EF6B11FA8AFAC0008ADFB /* LocationService.swift */; };
		B511C4FF1FD5C039006A312C /* GetInTouchFormViewController.swift in Sources */ = {isa = PBXBuildFile; fileRef = B511C4FE1FD5C039006A312C /* GetInTouchFormViewController.swift */; };
		B512ED441FBC8EB60062B9E1 /* Constants.swift in Sources */ = {isa = PBXBuildFile; fileRef = B512ED431FBC8EB60062B9E1 /* Constants.swift */; };
		B5174B69205723EC0018FB3F /* AggregatedPersonalInformation.swift in Sources */ = {isa = PBXBuildFile; fileRef = B5174B68205723EC0018FB3F /* AggregatedPersonalInformation.swift */; };
		B51BAFB01FD961E200BE9CAA /* UserLocation.swift in Sources */ = {isa = PBXBuildFile; fileRef = B51BAFAF1FD961E200BE9CAA /* UserLocation.swift */; };
		B51BAFBA1FD9621A00BE9CAA /* DateHandler.swift in Sources */ = {isa = PBXBuildFile; fileRef = B51BAFB91FD9621A00BE9CAA /* DateHandler.swift */; };
		B51BAFBC1FD98D2900BE9CAA /* Settings.swift in Sources */ = {isa = PBXBuildFile; fileRef = B51BAFBB1FD98D2900BE9CAA /* Settings.swift */; };
		B51C756A1FB4C643008C4BBF /* TaskService.swift in Sources */ = {isa = PBXBuildFile; fileRef = B51C75691FB4C643008C4BBF /* TaskService.swift */; };
		B528F10E2056AAC500C0F059 /* OptOut.storyboard in Resources */ = {isa = PBXBuildFile; fileRef = B528F10D2056AAC500C0F059 /* OptOut.storyboard */; };
		B52AF1CE1FA8C87D00FDDF2A /* ISPoint.swift in Sources */ = {isa = PBXBuildFile; fileRef = B52AF1CD1FA8C87D00FDDF2A /* ISPoint.swift */; };
		B52AF1D01FA8C89F00FDDF2A /* ISTimeline.swift in Sources */ = {isa = PBXBuildFile; fileRef = B52AF1CF1FA8C89F00FDDF2A /* ISTimeline.swift */; };
		B53043231FDED92A00DBC7C0 /* UserUpdateHandler.swift in Sources */ = {isa = PBXBuildFile; fileRef = B53043221FDED92A00DBC7C0 /* UserUpdateHandler.swift */; };
		B530432D1FDEDBD400DBC7C0 /* Networking.swift in Sources */ = {isa = PBXBuildFile; fileRef = B530432C1FDEDBD400DBC7C0 /* Networking.swift */; };
		B530432F1FE0419600DBC7C0 /* OneTimelinePlaceDetailViewController.swift in Sources */ = {isa = PBXBuildFile; fileRef = B530432E1FE0419600DBC7C0 /* OneTimelinePlaceDetailViewController.swift */; };
		B5317A9E203DCE420057B857 /* PersonalInformationChooserViewController.swift in Sources */ = {isa = PBXBuildFile; fileRef = B5317A9D203DCE420057B857 /* PersonalInformationChooserViewController.swift */; };
		B53FB6FB1FAB74630000112E /* ActivityServiceOld.swift in Sources */ = {isa = PBXBuildFile; fileRef = B53FB6FA1FAB74630000112E /* ActivityServiceOld.swift */; };
		B53FB6FD1FAB9A870000112E /* FileService.swift in Sources */ = {isa = PBXBuildFile; fileRef = B53FB6FC1FAB9A870000112E /* FileService.swift */; };
		B54C36B1200EBAFC0085BFEA /* OneTimelinePlaceDetailPersonalInformationCollectionView.swift in Sources */ = {isa = PBXBuildFile; fileRef = B54C36B0200EBAFC0085BFEA /* OneTimelinePlaceDetailPersonalInformationCollectionView.swift */; };
		B54D98EC2048161F00CBECA4 /* ExplanationFeedbackViewController.swift in Sources */ = {isa = PBXBuildFile; fileRef = B54D98EB2048161F00CBECA4 /* ExplanationFeedbackViewController.swift */; };
		B54D98EE2049AFF700CBECA4 /* LocationServicesDenied.storyboard in Resources */ = {isa = PBXBuildFile; fileRef = B54D98ED2049AFF700CBECA4 /* LocationServicesDenied.storyboard */; };
		B55B59DA206A2F460068BCA0 /* LocationServicesWhenInUse.storyboard in Resources */ = {isa = PBXBuildFile; fileRef = B55B59D9206A2F460068BCA0 /* LocationServicesWhenInUse.storyboard */; };
		B55B59DC206A37120068BCA0 /* OverlayView.swift in Sources */ = {isa = PBXBuildFile; fileRef = B55B59DB206A37120068BCA0 /* OverlayView.swift */; };
		B55C10101FED736B001EE08D /* PlaceReviewViewController.swift in Sources */ = {isa = PBXBuildFile; fileRef = B55C100F1FED736B001EE08D /* PlaceReviewViewController.swift */; };
		B55DE5D41FAB582B00CACB47 /* DataStoreService.swift in Sources */ = {isa = PBXBuildFile; fileRef = B55DE5D31FAB582B00CACB47 /* DataStoreService.swift */; };
		B568B3B2202B037F00425A20 /* OnboardingViewController.swift in Sources */ = {isa = PBXBuildFile; fileRef = B568B3B1202B037F00425A20 /* OnboardingViewController.swift */; };
		B568B3BC202B05EC00425A20 /* Onboarding.storyboard in Resources */ = {isa = PBXBuildFile; fileRef = B568B3BB202B05EC00425A20 /* Onboarding.storyboard */; };
		B568D8801FB45D0700E051B1 /* LocationAdaptiveService.swift in Sources */ = {isa = PBXBuildFile; fileRef = B568D87F1FB45D0700E051B1 /* LocationAdaptiveService.swift */; };
		B568D8821FB45FD800E051B1 /* ActivityService.swift in Sources */ = {isa = PBXBuildFile; fileRef = B568D8811FB45FD800E051B1 /* ActivityService.swift */; };
		B57768FA2016027900A0FD1B /* PlacePersonalInformationController.swift in Sources */ = {isa = PBXBuildFile; fileRef = B57768F92016027900A0FD1B /* PlacePersonalInformationController.swift */; };
		B577690420164C2B00A0FD1B /* HeaderPlace.swift in Sources */ = {isa = PBXBuildFile; fileRef = B577690320164C2B00A0FD1B /* HeaderPlace.swift */; };
		B57F514E1FD55A5B0018B416 /* NetworkService.swift in Sources */ = {isa = PBXBuildFile; fileRef = B57F514D1FD55A5B0018B416 /* NetworkService.swift */; };
		B584C21F1FA0F16B002582D1 /* Assets.xcassets in Resources */ = {isa = PBXBuildFile; fileRef = B584C21E1FA0F16B002582D1 /* Assets.xcassets */; };
		B58612751FB0D9C700480DD4 /* NotificationService.swift in Sources */ = {isa = PBXBuildFile; fileRef = B58612741FB0D9C700480DD4 /* NotificationService.swift */; };
		B5883BD51FA3274200EA8A02 /* TrackingAdvisor.xcdatamodeld in Sources */ = {isa = PBXBuildFile; fileRef = B5883BD31FA3274100EA8A02 /* TrackingAdvisor.xcdatamodeld */; };
		B58A6E141FCC4CF9003DA168 /* SettingsTableViewController.swift in Sources */ = {isa = PBXBuildFile; fileRef = B58A6E131FCC4CF9003DA168 /* SettingsTableViewController.swift */; };
		B58B79181FC734A1007BA1BC /* Visit.swift in Sources */ = {isa = PBXBuildFile; fileRef = B58B79171FC734A1007BA1BC /* Visit.swift */; };
		B58B79211FC734AF007BA1BC /* Place.swift in Sources */ = {isa = PBXBuildFile; fileRef = B58B79201FC734AF007BA1BC /* Place.swift */; };
		B58B79241FC742F9007BA1BC /* Move.swift in Sources */ = {isa = PBXBuildFile; fileRef = B58B79231FC742F9007BA1BC /* Move.swift */; };
		B58CAAFC2019F6FD0050A344 /* PersonalInformation.swift in Sources */ = {isa = PBXBuildFile; fileRef = B58CAAFB2019F6FD0050A344 /* PersonalInformation.swift */; };
		B599B3A41FA0B57F006D70B4 /* AppDelegate.swift in Sources */ = {isa = PBXBuildFile; fileRef = B599B3A31FA0B57F006D70B4 /* AppDelegate.swift */; };
		B599B3A91FA0B57F006D70B4 /* Main.storyboard in Resources */ = {isa = PBXBuildFile; fileRef = B599B3A71FA0B57F006D70B4 /* Main.storyboard */; };
		B599B3B11FA0B57F006D70B4 /* LaunchScreen.storyboard in Resources */ = {isa = PBXBuildFile; fileRef = B599B3AF1FA0B57F006D70B4 /* LaunchScreen.storyboard */; };
		B599B3BC1FA0B57F006D70B4 /* TrackingAdvisorTests.swift in Sources */ = {isa = PBXBuildFile; fileRef = B599B3BB1FA0B57F006D70B4 /* TrackingAdvisorTests.swift */; };
		B599B3C71FA0B580006D70B4 /* TrackingAdvisorUITests.swift in Sources */ = {isa = PBXBuildFile; fileRef = B599B3C61FA0B580006D70B4 /* TrackingAdvisorUITests.swift */; };
		B59ABF681FDAADA300A60066 /* PositionMapModalViewController.swift in Sources */ = {isa = PBXBuildFile; fileRef = B59ABF671FDAADA300A60066 /* PositionMapModalViewController.swift */; };
		B59E24552028A4AF008C8AC5 /* PersonalInformationCategory.swift in Sources */ = {isa = PBXBuildFile; fileRef = B59E24542028A4AF008C8AC5 /* PersonalInformationCategory.swift */; };
		B59E24572028B0DC008C8AC5 /* ReviewPersonalInformation.swift in Sources */ = {isa = PBXBuildFile; fileRef = B59E24562028B0DC008C8AC5 /* ReviewPersonalInformation.swift */; };
		B59E24592028B3B1008C8AC5 /* ReviewVisit.swift in Sources */ = {isa = PBXBuildFile; fileRef = B59E24582028B3B1008C8AC5 /* ReviewVisit.swift */; };
		B59F64001FE819220025BE06 /* PlaceFinderMapTableViewController.swift in Sources */ = {isa = PBXBuildFile; fileRef = B59F63FF1FE819220025BE06 /* PlaceFinderMapTableViewController.swift */; };
		B5A22B882019F33D00B68BD8 /* Review.swift in Sources */ = {isa = PBXBuildFile; fileRef = B5A22B872019F33D00B68BD8 /* Review.swift */; };
		B5C28A89202E092A00B48017 /* HelperFunctions.swift in Sources */ = {isa = PBXBuildFile; fileRef = B5C28A88202E092A00B48017 /* HelperFunctions.swift */; };
		B5C28A8B20321D2700B48017 /* CardView.swift in Sources */ = {isa = PBXBuildFile; fileRef = B5C28A8A20321D2700B48017 /* CardView.swift */; };
		B5C347431FB064D50078C12E /* RawCollectedDataViewController.swift in Sources */ = {isa = PBXBuildFile; fileRef = B5C347421FB064D50078C12E /* RawCollectedDataViewController.swift */; };
		B5C347461FB0929F0078C12E /* EMPageViewController.swift in Sources */ = {isa = PBXBuildFile; fileRef = B5C347451FB0929F0078C12E /* EMPageViewController.swift */; };
		B5C347481FB092D40078C12E /* TimelineSwipeViewController.swift in Sources */ = {isa = PBXBuildFile; fileRef = B5C347471FB092D40078C12E /* TimelineSwipeViewController.swift */; };
		B5C3474A1FB093F50078C12E /* OneTimelineViewController.swift in Sources */ = {isa = PBXBuildFile; fileRef = B5C347491FB093F50078C12E /* OneTimelineViewController.swift */; };
		B5C3474C1FB0B4760078C12E /* RawCollectedDataTextViewController.swift in Sources */ = {isa = PBXBuildFile; fileRef = B5C3474B1FB0B4760078C12E /* RawCollectedDataTextViewController.swift */; };
		B5C3C9521FB20F750037DD22 /* LocationRegionService.swift in Sources */ = {isa = PBXBuildFile; fileRef = B5C3C9511FB20F750037DD22 /* LocationRegionService.swift */; };
		B5D63B401FED358700DAB61C /* Extensions.swift in Sources */ = {isa = PBXBuildFile; fileRef = B5D63B3F1FED358700DAB61C /* Extensions.swift */; };
		B5DA0A71205061D400EDA570 /* UnifiedPlaceInformationCell.swift in Sources */ = {isa = PBXBuildFile; fileRef = B5DA0A70205061D400EDA570 /* UnifiedPlaceInformationCell.swift */; };
		B5DA0A732051F6BD00EDA570 /* PersonalInformationReviewViewController.swift in Sources */ = {isa = PBXBuildFile; fileRef = B5DA0A722051F6BD00EDA570 /* PersonalInformationReviewViewController.swift */; };
		B5DA0A752052076500EDA570 /* PersonalInformationReviewCategory.swift in Sources */ = {isa = PBXBuildFile; fileRef = B5DA0A742052076500EDA570 /* PersonalInformationReviewCategory.swift */; };
		B5DA0A772052DEB300EDA570 /* PlacePersonalInformationReviewViewController.swift in Sources */ = {isa = PBXBuildFile; fileRef = B5DA0A762052DEB300EDA570 /* PlacePersonalInformationReviewViewController.swift */; };
		B5DA0A792052E2FD00EDA570 /* PlacePersonalInformationReviewCategory.swift in Sources */ = {isa = PBXBuildFile; fileRef = B5DA0A782052E2FD00EDA570 /* PlacePersonalInformationReviewCategory.swift */; };
		B5DD9C581FA0D51E000B970F /* CoreLocation.framework in Frameworks */ = {isa = PBXBuildFile; fileRef = B5DD9C571FA0D51E000B970F /* CoreLocation.framework */; };
		B5F20A80201BF0A700D24A70 /* ReviewChallenge.swift in Sources */ = {isa = PBXBuildFile; fileRef = B5F20A7F201BF0A700D24A70 /* ReviewChallenge.swift */; };
		B5FE77F31FA9F2F6002B5F0C /* MapCalendarContainerViewController.swift in Sources */ = {isa = PBXBuildFile; fileRef = B5FE77F21FA9F2F6002B5F0C /* MapCalendarContainerViewController.swift */; };
/* End PBXBuildFile section */

/* Begin PBXContainerItemProxy section */
		B599B3B81FA0B57F006D70B4 /* PBXContainerItemProxy */ = {
			isa = PBXContainerItemProxy;
			containerPortal = B599B3981FA0B57F006D70B4 /* Project object */;
			proxyType = 1;
			remoteGlobalIDString = B599B39F1FA0B57F006D70B4;
			remoteInfo = TrackingAdvisor;
		};
		B599B3C31FA0B580006D70B4 /* PBXContainerItemProxy */ = {
			isa = PBXContainerItemProxy;
			containerPortal = B599B3981FA0B57F006D70B4 /* Project object */;
			proxyType = 1;
			remoteGlobalIDString = B599B39F1FA0B57F006D70B4;
			remoteInfo = TrackingAdvisor;
		};
/* End PBXContainerItemProxy section */

/* Begin PBXCopyFilesBuildPhase section */
		B5FBCD681FA8FD5B007EBEDC /* Embed Frameworks */ = {
			isa = PBXCopyFilesBuildPhase;
			buildActionMask = 2147483647;
			dstPath = "";
			dstSubfolderSpec = 10;
			files = (
			);
			name = "Embed Frameworks";
			runOnlyForDeploymentPostprocessing = 0;
		};
/* End PBXCopyFilesBuildPhase section */

/* Begin PBXFileReference section */
		37ABB7F43432CF7884BB75CC /* Pods_TrackingAdvisorUITests.framework */ = {isa = PBXFileReference; explicitFileType = wrapper.framework; includeInIndex = 0; path = Pods_TrackingAdvisorUITests.framework; sourceTree = BUILT_PRODUCTS_DIR; };
		540E148FC3AD46C7331C2D8E /* Pods-TrackingAdvisor.debug.xcconfig */ = {isa = PBXFileReference; includeInIndex = 1; lastKnownFileType = text.xcconfig; name = "Pods-TrackingAdvisor.debug.xcconfig"; path = "Pods/Target Support Files/Pods-TrackingAdvisor/Pods-TrackingAdvisor.debug.xcconfig"; sourceTree = "<group>"; };
		80CC1541D9866D42E9CA4ABE /* Pods-TrackingAdvisor.release.xcconfig */ = {isa = PBXFileReference; includeInIndex = 1; lastKnownFileType = text.xcconfig; name = "Pods-TrackingAdvisor.release.xcconfig"; path = "Pods/Target Support Files/Pods-TrackingAdvisor/Pods-TrackingAdvisor.release.xcconfig"; sourceTree = "<group>"; };
		91862FEE6D71D340ED381975 /* Pods_TrackingAdvisorTests.framework */ = {isa = PBXFileReference; explicitFileType = wrapper.framework; includeInIndex = 0; path = Pods_TrackingAdvisorTests.framework; sourceTree = BUILT_PRODUCTS_DIR; };
		991C7F852DBD270BE0CA474C /* Pods-TrackingAdvisorTests.debug.xcconfig */ = {isa = PBXFileReference; includeInIndex = 1; lastKnownFileType = text.xcconfig; name = "Pods-TrackingAdvisorTests.debug.xcconfig"; path = "Pods/Target Support Files/Pods-TrackingAdvisorTests/Pods-TrackingAdvisorTests.debug.xcconfig"; sourceTree = "<group>"; };
		9D48B79E01ECEFA6565DD968 /* Pods_TrackingAdvisor.framework */ = {isa = PBXFileReference; explicitFileType = wrapper.framework; includeInIndex = 0; path = Pods_TrackingAdvisor.framework; sourceTree = BUILT_PRODUCTS_DIR; };
		B507BB5B1FFFCA1F00FEBC34 /* ProfileViewController.swift */ = {isa = PBXFileReference; lastKnownFileType = sourcecode.swift; path = ProfileViewController.swift; sourceTree = "<group>"; };
		B50B66902049BC5600427222 /* UnifiedPlaceInformationViewController.swift */ = {isa = PBXFileReference; lastKnownFileType = sourcecode.swift; path = UnifiedPlaceInformationViewController.swift; sourceTree = "<group>"; };
		B50EF6B11FA8AFAC0008ADFB /* LocationService.swift */ = {isa = PBXFileReference; lastKnownFileType = sourcecode.swift; path = LocationService.swift; sourceTree = "<group>"; };
		B511C4FE1FD5C039006A312C /* GetInTouchFormViewController.swift */ = {isa = PBXFileReference; lastKnownFileType = sourcecode.swift; path = GetInTouchFormViewController.swift; sourceTree = "<group>"; };
		B512ED431FBC8EB60062B9E1 /* Constants.swift */ = {isa = PBXFileReference; lastKnownFileType = sourcecode.swift; path = Constants.swift; sourceTree = SOURCE_ROOT; };
		B5174B68205723EC0018FB3F /* AggregatedPersonalInformation.swift */ = {isa = PBXFileReference; lastKnownFileType = sourcecode.swift; path = AggregatedPersonalInformation.swift; sourceTree = "<group>"; };
		B51BAFAF1FD961E200BE9CAA /* UserLocation.swift */ = {isa = PBXFileReference; lastKnownFileType = sourcecode.swift; path = UserLocation.swift; sourceTree = "<group>"; };
		B51BAFB91FD9621A00BE9CAA /* DateHandler.swift */ = {isa = PBXFileReference; lastKnownFileType = sourcecode.swift; path = DateHandler.swift; sourceTree = "<group>"; };
		B51BAFBB1FD98D2900BE9CAA /* Settings.swift */ = {isa = PBXFileReference; lastKnownFileType = sourcecode.swift; path = Settings.swift; sourceTree = "<group>"; };
		B51C75691FB4C643008C4BBF /* TaskService.swift */ = {isa = PBXFileReference; lastKnownFileType = sourcecode.swift; path = TaskService.swift; sourceTree = "<group>"; };
		B528F10D2056AAC500C0F059 /* OptOut.storyboard */ = {isa = PBXFileReference; lastKnownFileType = file.storyboard; path = OptOut.storyboard; sourceTree = "<group>"; };
		B52AF1CD1FA8C87D00FDDF2A /* ISPoint.swift */ = {isa = PBXFileReference; lastKnownFileType = sourcecode.swift; path = ISPoint.swift; sourceTree = "<group>"; };
		B52AF1CF1FA8C89F00FDDF2A /* ISTimeline.swift */ = {isa = PBXFileReference; lastKnownFileType = sourcecode.swift; path = ISTimeline.swift; sourceTree = "<group>"; };
		B53043221FDED92A00DBC7C0 /* UserUpdateHandler.swift */ = {isa = PBXFileReference; lastKnownFileType = sourcecode.swift; path = UserUpdateHandler.swift; sourceTree = "<group>"; };
		B530432C1FDEDBD400DBC7C0 /* Networking.swift */ = {isa = PBXFileReference; lastKnownFileType = sourcecode.swift; path = Networking.swift; sourceTree = "<group>"; };
		B530432E1FE0419600DBC7C0 /* OneTimelinePlaceDetailViewController.swift */ = {isa = PBXFileReference; lastKnownFileType = sourcecode.swift; path = OneTimelinePlaceDetailViewController.swift; sourceTree = "<group>"; };
		B5317A9D203DCE420057B857 /* PersonalInformationChooserViewController.swift */ = {isa = PBXFileReference; lastKnownFileType = sourcecode.swift; path = PersonalInformationChooserViewController.swift; sourceTree = "<group>"; };
		B53FB6FA1FAB74630000112E /* ActivityServiceOld.swift */ = {isa = PBXFileReference; lastKnownFileType = sourcecode.swift; path = ActivityServiceOld.swift; sourceTree = "<group>"; };
		B53FB6FC1FAB9A870000112E /* FileService.swift */ = {isa = PBXFileReference; lastKnownFileType = sourcecode.swift; path = FileService.swift; sourceTree = "<group>"; };
		B54C36B0200EBAFC0085BFEA /* OneTimelinePlaceDetailPersonalInformationCollectionView.swift */ = {isa = PBXFileReference; lastKnownFileType = sourcecode.swift; path = OneTimelinePlaceDetailPersonalInformationCollectionView.swift; sourceTree = "<group>"; };
		B54D98EB2048161F00CBECA4 /* ExplanationFeedbackViewController.swift */ = {isa = PBXFileReference; lastKnownFileType = sourcecode.swift; path = ExplanationFeedbackViewController.swift; sourceTree = "<group>"; };
		B54D98ED2049AFF700CBECA4 /* LocationServicesDenied.storyboard */ = {isa = PBXFileReference; lastKnownFileType = file.storyboard; path = LocationServicesDenied.storyboard; sourceTree = "<group>"; };
		B55B59D9206A2F460068BCA0 /* LocationServicesWhenInUse.storyboard */ = {isa = PBXFileReference; lastKnownFileType = file.storyboard; path = LocationServicesWhenInUse.storyboard; sourceTree = "<group>"; };
		B55B59DB206A37120068BCA0 /* OverlayView.swift */ = {isa = PBXFileReference; lastKnownFileType = sourcecode.swift; path = OverlayView.swift; sourceTree = "<group>"; };
		B55C100F1FED736B001EE08D /* PlaceReviewViewController.swift */ = {isa = PBXFileReference; lastKnownFileType = sourcecode.swift; path = PlaceReviewViewController.swift; sourceTree = "<group>"; };
		B55DE5D31FAB582B00CACB47 /* DataStoreService.swift */ = {isa = PBXFileReference; lastKnownFileType = sourcecode.swift; path = DataStoreService.swift; sourceTree = "<group>"; };
		B568B3B1202B037F00425A20 /* OnboardingViewController.swift */ = {isa = PBXFileReference; lastKnownFileType = sourcecode.swift; path = OnboardingViewController.swift; sourceTree = "<group>"; };
		B568B3BB202B05EC00425A20 /* Onboarding.storyboard */ = {isa = PBXFileReference; lastKnownFileType = file.storyboard; path = Onboarding.storyboard; sourceTree = "<group>"; };
		B568D87E1FB3827100E051B1 /* TrackingAdvisor.entitlements */ = {isa = PBXFileReference; lastKnownFileType = text.plist.entitlements; path = TrackingAdvisor.entitlements; sourceTree = "<group>"; };
		B568D87F1FB45D0700E051B1 /* LocationAdaptiveService.swift */ = {isa = PBXFileReference; lastKnownFileType = sourcecode.swift; path = LocationAdaptiveService.swift; sourceTree = "<group>"; };
		B568D8811FB45FD800E051B1 /* ActivityService.swift */ = {isa = PBXFileReference; lastKnownFileType = sourcecode.swift; path = ActivityService.swift; sourceTree = "<group>"; };
		B57768F92016027900A0FD1B /* PlacePersonalInformationController.swift */ = {isa = PBXFileReference; lastKnownFileType = sourcecode.swift; path = PlacePersonalInformationController.swift; sourceTree = "<group>"; };
		B577690320164C2B00A0FD1B /* HeaderPlace.swift */ = {isa = PBXFileReference; lastKnownFileType = sourcecode.swift; path = HeaderPlace.swift; sourceTree = "<group>"; };
		B57F514D1FD55A5B0018B416 /* NetworkService.swift */ = {isa = PBXFileReference; lastKnownFileType = sourcecode.swift; path = NetworkService.swift; sourceTree = "<group>"; };
		B584C21E1FA0F16B002582D1 /* Assets.xcassets */ = {isa = PBXFileReference; lastKnownFileType = folder.assetcatalog; path = Assets.xcassets; sourceTree = "<group>"; };
		B58612741FB0D9C700480DD4 /* NotificationService.swift */ = {isa = PBXFileReference; lastKnownFileType = sourcecode.swift; path = NotificationService.swift; sourceTree = "<group>"; };
		B5883BD41FA3274100EA8A02 /* TrackingAdvisor.xcdatamodel */ = {isa = PBXFileReference; lastKnownFileType = wrapper.xcdatamodel; path = TrackingAdvisor.xcdatamodel; sourceTree = "<group>"; };
		B58A6E131FCC4CF9003DA168 /* SettingsTableViewController.swift */ = {isa = PBXFileReference; lastKnownFileType = sourcecode.swift; path = SettingsTableViewController.swift; sourceTree = "<group>"; };
		B58B79171FC734A1007BA1BC /* Visit.swift */ = {isa = PBXFileReference; lastKnownFileType = sourcecode.swift; path = Visit.swift; sourceTree = "<group>"; };
		B58B79201FC734AF007BA1BC /* Place.swift */ = {isa = PBXFileReference; lastKnownFileType = sourcecode.swift; path = Place.swift; sourceTree = "<group>"; };
		B58B79231FC742F9007BA1BC /* Move.swift */ = {isa = PBXFileReference; lastKnownFileType = sourcecode.swift; path = Move.swift; sourceTree = "<group>"; };
		B58CAAFB2019F6FD0050A344 /* PersonalInformation.swift */ = {isa = PBXFileReference; lastKnownFileType = sourcecode.swift; path = PersonalInformation.swift; sourceTree = "<group>"; };
		B599B3A01FA0B57F006D70B4 /* TrackingAdvisor.app */ = {isa = PBXFileReference; explicitFileType = wrapper.application; includeInIndex = 0; path = TrackingAdvisor.app; sourceTree = BUILT_PRODUCTS_DIR; };
		B599B3A31FA0B57F006D70B4 /* AppDelegate.swift */ = {isa = PBXFileReference; lastKnownFileType = sourcecode.swift; path = AppDelegate.swift; sourceTree = "<group>"; };
		B599B3A81FA0B57F006D70B4 /* Base */ = {isa = PBXFileReference; lastKnownFileType = file.storyboard; name = Base; path = Base.lproj/Main.storyboard; sourceTree = "<group>"; };
		B599B3B01FA0B57F006D70B4 /* Base */ = {isa = PBXFileReference; lastKnownFileType = file.storyboard; name = Base; path = Base.lproj/LaunchScreen.storyboard; sourceTree = "<group>"; };
		B599B3B21FA0B57F006D70B4 /* Info.plist */ = {isa = PBXFileReference; lastKnownFileType = text.plist.xml; path = Info.plist; sourceTree = "<group>"; };
		B599B3B71FA0B57F006D70B4 /* TrackingAdvisorTests.xctest */ = {isa = PBXFileReference; explicitFileType = wrapper.cfbundle; includeInIndex = 0; path = TrackingAdvisorTests.xctest; sourceTree = BUILT_PRODUCTS_DIR; };
		B599B3BB1FA0B57F006D70B4 /* TrackingAdvisorTests.swift */ = {isa = PBXFileReference; lastKnownFileType = sourcecode.swift; path = TrackingAdvisorTests.swift; sourceTree = "<group>"; };
		B599B3BD1FA0B57F006D70B4 /* Info.plist */ = {isa = PBXFileReference; lastKnownFileType = text.plist.xml; path = Info.plist; sourceTree = "<group>"; };
		B599B3C21FA0B580006D70B4 /* TrackingAdvisorUITests.xctest */ = {isa = PBXFileReference; explicitFileType = wrapper.cfbundle; includeInIndex = 0; path = TrackingAdvisorUITests.xctest; sourceTree = BUILT_PRODUCTS_DIR; };
		B599B3C61FA0B580006D70B4 /* TrackingAdvisorUITests.swift */ = {isa = PBXFileReference; lastKnownFileType = sourcecode.swift; path = TrackingAdvisorUITests.swift; sourceTree = "<group>"; };
		B599B3C81FA0B580006D70B4 /* Info.plist */ = {isa = PBXFileReference; lastKnownFileType = text.plist.xml; path = Info.plist; sourceTree = "<group>"; };
		B59ABF671FDAADA300A60066 /* PositionMapModalViewController.swift */ = {isa = PBXFileReference; lastKnownFileType = sourcecode.swift; path = PositionMapModalViewController.swift; sourceTree = "<group>"; };
		B59E24542028A4AF008C8AC5 /* PersonalInformationCategory.swift */ = {isa = PBXFileReference; lastKnownFileType = sourcecode.swift; path = PersonalInformationCategory.swift; sourceTree = "<group>"; };
		B59E24562028B0DC008C8AC5 /* ReviewPersonalInformation.swift */ = {isa = PBXFileReference; lastKnownFileType = sourcecode.swift; path = ReviewPersonalInformation.swift; sourceTree = "<group>"; };
		B59E24582028B3B1008C8AC5 /* ReviewVisit.swift */ = {isa = PBXFileReference; lastKnownFileType = sourcecode.swift; path = ReviewVisit.swift; sourceTree = "<group>"; };
		B59F63FF1FE819220025BE06 /* PlaceFinderMapTableViewController.swift */ = {isa = PBXFileReference; lastKnownFileType = sourcecode.swift; path = PlaceFinderMapTableViewController.swift; sourceTree = "<group>"; };
		B5A22B872019F33D00B68BD8 /* Review.swift */ = {isa = PBXFileReference; lastKnownFileType = sourcecode.swift; path = Review.swift; sourceTree = "<group>"; };
		B5C28A88202E092A00B48017 /* HelperFunctions.swift */ = {isa = PBXFileReference; lastKnownFileType = sourcecode.swift; path = HelperFunctions.swift; sourceTree = "<group>"; };
		B5C28A8A20321D2700B48017 /* CardView.swift */ = {isa = PBXFileReference; lastKnownFileType = sourcecode.swift; path = CardView.swift; sourceTree = "<group>"; };
		B5C347421FB064D50078C12E /* RawCollectedDataViewController.swift */ = {isa = PBXFileReference; lastKnownFileType = sourcecode.swift; path = RawCollectedDataViewController.swift; sourceTree = "<group>"; };
		B5C347451FB0929F0078C12E /* EMPageViewController.swift */ = {isa = PBXFileReference; fileEncoding = 4; lastKnownFileType = sourcecode.swift; path = EMPageViewController.swift; sourceTree = "<group>"; };
		B5C347471FB092D40078C12E /* TimelineSwipeViewController.swift */ = {isa = PBXFileReference; lastKnownFileType = sourcecode.swift; path = TimelineSwipeViewController.swift; sourceTree = "<group>"; };
		B5C347491FB093F50078C12E /* OneTimelineViewController.swift */ = {isa = PBXFileReference; lastKnownFileType = sourcecode.swift; path = OneTimelineViewController.swift; sourceTree = "<group>"; };
		B5C3474B1FB0B4760078C12E /* RawCollectedDataTextViewController.swift */ = {isa = PBXFileReference; lastKnownFileType = sourcecode.swift; path = RawCollectedDataTextViewController.swift; sourceTree = "<group>"; };
		B5C3C9511FB20F750037DD22 /* LocationRegionService.swift */ = {isa = PBXFileReference; lastKnownFileType = sourcecode.swift; path = LocationRegionService.swift; sourceTree = "<group>"; };
		B5D63B3F1FED358700DAB61C /* Extensions.swift */ = {isa = PBXFileReference; lastKnownFileType = sourcecode.swift; path = Extensions.swift; sourceTree = "<group>"; };
		B5DA0A70205061D400EDA570 /* UnifiedPlaceInformationCell.swift */ = {isa = PBXFileReference; lastKnownFileType = sourcecode.swift; path = UnifiedPlaceInformationCell.swift; sourceTree = "<group>"; };
		B5DA0A722051F6BD00EDA570 /* PersonalInformationReviewViewController.swift */ = {isa = PBXFileReference; lastKnownFileType = sourcecode.swift; path = PersonalInformationReviewViewController.swift; sourceTree = "<group>"; };
		B5DA0A742052076500EDA570 /* PersonalInformationReviewCategory.swift */ = {isa = PBXFileReference; lastKnownFileType = sourcecode.swift; path = PersonalInformationReviewCategory.swift; sourceTree = "<group>"; };
		B5DA0A762052DEB300EDA570 /* PlacePersonalInformationReviewViewController.swift */ = {isa = PBXFileReference; lastKnownFileType = sourcecode.swift; path = PlacePersonalInformationReviewViewController.swift; sourceTree = "<group>"; };
		B5DA0A782052E2FD00EDA570 /* PlacePersonalInformationReviewCategory.swift */ = {isa = PBXFileReference; lastKnownFileType = sourcecode.swift; path = PlacePersonalInformationReviewCategory.swift; sourceTree = "<group>"; };
		B5DD9C571FA0D51E000B970F /* CoreLocation.framework */ = {isa = PBXFileReference; lastKnownFileType = wrapper.framework; name = CoreLocation.framework; path = System/Library/Frameworks/CoreLocation.framework; sourceTree = SDKROOT; };
		B5F20A7F201BF0A700D24A70 /* ReviewChallenge.swift */ = {isa = PBXFileReference; lastKnownFileType = sourcecode.swift; path = ReviewChallenge.swift; sourceTree = "<group>"; };
		B5FE77F21FA9F2F6002B5F0C /* MapCalendarContainerViewController.swift */ = {isa = PBXFileReference; lastKnownFileType = sourcecode.swift; path = MapCalendarContainerViewController.swift; sourceTree = "<group>"; };
		EB15ED05F8CE9C40F1336501 /* Pods-TrackingAdvisorUITests.release.xcconfig */ = {isa = PBXFileReference; includeInIndex = 1; lastKnownFileType = text.xcconfig; name = "Pods-TrackingAdvisorUITests.release.xcconfig"; path = "Pods/Target Support Files/Pods-TrackingAdvisorUITests/Pods-TrackingAdvisorUITests.release.xcconfig"; sourceTree = "<group>"; };
		FCD4D9AF39ACD952AA1672C7 /* Pods-TrackingAdvisorTests.release.xcconfig */ = {isa = PBXFileReference; includeInIndex = 1; lastKnownFileType = text.xcconfig; name = "Pods-TrackingAdvisorTests.release.xcconfig"; path = "Pods/Target Support Files/Pods-TrackingAdvisorTests/Pods-TrackingAdvisorTests.release.xcconfig"; sourceTree = "<group>"; };
		FE631034DB767391DB7E2474 /* Pods-TrackingAdvisorUITests.debug.xcconfig */ = {isa = PBXFileReference; includeInIndex = 1; lastKnownFileType = text.xcconfig; name = "Pods-TrackingAdvisorUITests.debug.xcconfig"; path = "Pods/Target Support Files/Pods-TrackingAdvisorUITests/Pods-TrackingAdvisorUITests.debug.xcconfig"; sourceTree = "<group>"; };
/* End PBXFileReference section */

/* Begin PBXFrameworksBuildPhase section */
		B599B39D1FA0B57F006D70B4 /* Frameworks */ = {
			isa = PBXFrameworksBuildPhase;
			buildActionMask = 2147483647;
			files = (
				B5DD9C581FA0D51E000B970F /* CoreLocation.framework in Frameworks */,
				7DCDD58EF206643E7D842739 /* Pods_TrackingAdvisor.framework in Frameworks */,
			);
			runOnlyForDeploymentPostprocessing = 0;
		};
		B599B3B41FA0B57F006D70B4 /* Frameworks */ = {
			isa = PBXFrameworksBuildPhase;
			buildActionMask = 2147483647;
			files = (
				B1A4BA59013AF66EF8A2333A /* Pods_TrackingAdvisorTests.framework in Frameworks */,
			);
			runOnlyForDeploymentPostprocessing = 0;
		};
		B599B3BF1FA0B580006D70B4 /* Frameworks */ = {
			isa = PBXFrameworksBuildPhase;
			buildActionMask = 2147483647;
			files = (
				853C01657F4ED808C7BDAE59 /* Pods_TrackingAdvisorUITests.framework in Frameworks */,
			);
			runOnlyForDeploymentPostprocessing = 0;
		};
/* End PBXFrameworksBuildPhase section */

/* Begin PBXGroup section */
		B507BB521FFDA8E200FEBC34 /* Timeline */ = {
			isa = PBXGroup;
			children = (
				B52AF1CF1FA8C89F00FDDF2A /* ISTimeline.swift */,
				B52AF1CD1FA8C87D00FDDF2A /* ISPoint.swift */,
			);
			name = Timeline;
			sourceTree = "<group>";
		};
		B54C36A7200EB8550085BFEA /* UIViews */ = {
			isa = PBXGroup;
			children = (
				B577690320164C2B00A0FD1B /* HeaderPlace.swift */,
				B5C28A8A20321D2700B48017 /* CardView.swift */,
			);
			name = UIViews;
			sourceTree = "<group>";
		};
		B58612731FB0D9AD00480DD4 /* Services */ = {
			isa = PBXGroup;
			children = (
				B50EF6B11FA8AFAC0008ADFB /* LocationService.swift */,
				B5C3C9511FB20F750037DD22 /* LocationRegionService.swift */,
				B568D87F1FB45D0700E051B1 /* LocationAdaptiveService.swift */,
				B53FB6FA1FAB74630000112E /* ActivityServiceOld.swift */,
				B55DE5D31FAB582B00CACB47 /* DataStoreService.swift */,
				B53043221FDED92A00DBC7C0 /* UserUpdateHandler.swift */,
				B53FB6FC1FAB9A870000112E /* FileService.swift */,
				B58612741FB0D9C700480DD4 /* NotificationService.swift */,
				B568D8811FB45FD800E051B1 /* ActivityService.swift */,
				B51C75691FB4C643008C4BBF /* TaskService.swift */,
				B57F514D1FD55A5B0018B416 /* NetworkService.swift */,
				B530432C1FDEDBD400DBC7C0 /* Networking.swift */,
				B55B59DB206A37120068BCA0 /* OverlayView.swift */,
			);
			name = Services;
			sourceTree = "<group>";
		};
		B58B79221FC74167007BA1BC /* CoreData Models */ = {
			isa = PBXGroup;
			children = (
				B58B79171FC734A1007BA1BC /* Visit.swift */,
				B58B79201FC734AF007BA1BC /* Place.swift */,
				B58B79231FC742F9007BA1BC /* Move.swift */,
				B5A22B872019F33D00B68BD8 /* Review.swift */,
				B58CAAFB2019F6FD0050A344 /* PersonalInformation.swift */,
				B5174B68205723EC0018FB3F /* AggregatedPersonalInformation.swift */,
				B5F20A7F201BF0A700D24A70 /* ReviewChallenge.swift */,
				B59E24562028B0DC008C8AC5 /* ReviewPersonalInformation.swift */,
				B59E24582028B3B1008C8AC5 /* ReviewVisit.swift */,
			);
			name = "CoreData Models";
			sourceTree = "<group>";
		};
		B599B3971FA0B57F006D70B4 = {
			isa = PBXGroup;
			children = (
				B599B3A21FA0B57F006D70B4 /* TrackingAdvisor */,
				B599B3BA1FA0B57F006D70B4 /* TrackingAdvisorTests */,
				B599B3C51FA0B580006D70B4 /* TrackingAdvisorUITests */,
				B599B3A11FA0B57F006D70B4 /* Products */,
				B5DD9C561FA0D51E000B970F /* Frameworks */,
				F97DAF6D1BF521F0E921DEB9 /* Pods */,
			);
			sourceTree = "<group>";
		};
		B599B3A11FA0B57F006D70B4 /* Products */ = {
			isa = PBXGroup;
			children = (
				B599B3A01FA0B57F006D70B4 /* TrackingAdvisor.app */,
				B599B3B71FA0B57F006D70B4 /* TrackingAdvisorTests.xctest */,
				B599B3C21FA0B580006D70B4 /* TrackingAdvisorUITests.xctest */,
			);
			name = Products;
			sourceTree = "<group>";
		};
		B599B3A21FA0B57F006D70B4 /* TrackingAdvisor */ = {
			isa = PBXGroup;
			children = (
				B54C36A7200EB8550085BFEA /* UIViews */,
				B507BB521FFDA8E200FEBC34 /* Timeline */,
				B58B79221FC74167007BA1BC /* CoreData Models */,
				B568D87E1FB3827100E051B1 /* TrackingAdvisor.entitlements */,
				B5883BD31FA3274100EA8A02 /* TrackingAdvisor.xcdatamodeld */,
				B58612731FB0D9AD00480DD4 /* Services */,
				B5FE77F11FA9D4D3002B5F0C /* Supporting Files */,
				B599B3A71FA0B57F006D70B4 /* Main.storyboard */,
				B599B3AF1FA0B57F006D70B4 /* LaunchScreen.storyboard */,
				B568B3BB202B05EC00425A20 /* Onboarding.storyboard */,
				B54D98ED2049AFF700CBECA4 /* LocationServicesDenied.storyboard */,
				B55B59D9206A2F460068BCA0 /* LocationServicesWhenInUse.storyboard */,
				B528F10D2056AAC500C0F059 /* OptOut.storyboard */,
				B584C21E1FA0F16B002582D1 /* Assets.xcassets */,
				B599B3A31FA0B57F006D70B4 /* AppDelegate.swift */,
				B5FE77F21FA9F2F6002B5F0C /* MapCalendarContainerViewController.swift */,
				B5C3474B1FB0B4760078C12E /* RawCollectedDataTextViewController.swift */,
				B5C347421FB064D50078C12E /* RawCollectedDataViewController.swift */,
				B5C347471FB092D40078C12E /* TimelineSwipeViewController.swift */,
				B5C347491FB093F50078C12E /* OneTimelineViewController.swift */,
				B58A6E131FCC4CF9003DA168 /* SettingsTableViewController.swift */,
				B511C4FE1FD5C039006A312C /* GetInTouchFormViewController.swift */,
				B568B3B1202B037F00425A20 /* OnboardingViewController.swift */,
				B59ABF671FDAADA300A60066 /* PositionMapModalViewController.swift */,
				B530432E1FE0419600DBC7C0 /* OneTimelinePlaceDetailViewController.swift */,
				B54C36B0200EBAFC0085BFEA /* OneTimelinePlaceDetailPersonalInformationCollectionView.swift */,
				B57768F92016027900A0FD1B /* PlacePersonalInformationController.swift */,
				B59F63FF1FE819220025BE06 /* PlaceFinderMapTableViewController.swift */,
				B55C100F1FED736B001EE08D /* PlaceReviewViewController.swift */,
				B507BB5B1FFFCA1F00FEBC34 /* ProfileViewController.swift */,
				B5317A9D203DCE420057B857 /* PersonalInformationChooserViewController.swift */,
				B54D98EB2048161F00CBECA4 /* ExplanationFeedbackViewController.swift */,
				B50B66902049BC5600427222 /* UnifiedPlaceInformationViewController.swift */,
				B5DA0A70205061D400EDA570 /* UnifiedPlaceInformationCell.swift */,
				B5DA0A722051F6BD00EDA570 /* PersonalInformationReviewViewController.swift */,
				B5DA0A742052076500EDA570 /* PersonalInformationReviewCategory.swift */,
				B5DA0A762052DEB300EDA570 /* PlacePersonalInformationReviewViewController.swift */,
				B5DA0A782052E2FD00EDA570 /* PlacePersonalInformationReviewCategory.swift */,
			);
			path = TrackingAdvisor;
			sourceTree = "<group>";
		};
		B599B3BA1FA0B57F006D70B4 /* TrackingAdvisorTests */ = {
			isa = PBXGroup;
			children = (
				B599B3BB1FA0B57F006D70B4 /* TrackingAdvisorTests.swift */,
				B599B3BD1FA0B57F006D70B4 /* Info.plist */,
			);
			path = TrackingAdvisorTests;
			sourceTree = "<group>";
		};
		B599B3C51FA0B580006D70B4 /* TrackingAdvisorUITests */ = {
			isa = PBXGroup;
			children = (
				B599B3C61FA0B580006D70B4 /* TrackingAdvisorUITests.swift */,
				B599B3C81FA0B580006D70B4 /* Info.plist */,
			);
			path = TrackingAdvisorUITests;
			sourceTree = "<group>";
		};
		B5DD9C561FA0D51E000B970F /* Frameworks */ = {
			isa = PBXGroup;
			children = (
				B5DD9C571FA0D51E000B970F /* CoreLocation.framework */,
				9D48B79E01ECEFA6565DD968 /* Pods_TrackingAdvisor.framework */,
				91862FEE6D71D340ED381975 /* Pods_TrackingAdvisorTests.framework */,
				37ABB7F43432CF7884BB75CC /* Pods_TrackingAdvisorUITests.framework */,
			);
			name = Frameworks;
			sourceTree = "<group>";
		};
		B5FE77F11FA9D4D3002B5F0C /* Supporting Files */ = {
			isa = PBXGroup;
			children = (
				B599B3B21FA0B57F006D70B4 /* Info.plist */,
				B51BAFAF1FD961E200BE9CAA /* UserLocation.swift */,
				B5C347451FB0929F0078C12E /* EMPageViewController.swift */,
				B51BAFB91FD9621A00BE9CAA /* DateHandler.swift */,
				B59E24542028A4AF008C8AC5 /* PersonalInformationCategory.swift */,
				B512ED431FBC8EB60062B9E1 /* Constants.swift */,
				B51BAFBB1FD98D2900BE9CAA /* Settings.swift */,
				B5D63B3F1FED358700DAB61C /* Extensions.swift */,
				B5C28A88202E092A00B48017 /* HelperFunctions.swift */,
			);
			name = "Supporting Files";
			sourceTree = "<group>";
		};
		F97DAF6D1BF521F0E921DEB9 /* Pods */ = {
			isa = PBXGroup;
			children = (
				540E148FC3AD46C7331C2D8E /* Pods-TrackingAdvisor.debug.xcconfig */,
				80CC1541D9866D42E9CA4ABE /* Pods-TrackingAdvisor.release.xcconfig */,
				991C7F852DBD270BE0CA474C /* Pods-TrackingAdvisorTests.debug.xcconfig */,
				FCD4D9AF39ACD952AA1672C7 /* Pods-TrackingAdvisorTests.release.xcconfig */,
				FE631034DB767391DB7E2474 /* Pods-TrackingAdvisorUITests.debug.xcconfig */,
				EB15ED05F8CE9C40F1336501 /* Pods-TrackingAdvisorUITests.release.xcconfig */,
			);
			name = Pods;
			sourceTree = "<group>";
		};
/* End PBXGroup section */

/* Begin PBXNativeTarget section */
		B599B39F1FA0B57F006D70B4 /* TrackingAdvisor */ = {
			isa = PBXNativeTarget;
			buildConfigurationList = B599B3CB1FA0B580006D70B4 /* Build configuration list for PBXNativeTarget "TrackingAdvisor" */;
			buildPhases = (
				AD4A89665D5D81958971A6AC /* [CP] Check Pods Manifest.lock */,
				B599B39C1FA0B57F006D70B4 /* Sources */,
				B599B39D1FA0B57F006D70B4 /* Frameworks */,
				B599B39E1FA0B57F006D70B4 /* Resources */,
				B5FBCD681FA8FD5B007EBEDC /* Embed Frameworks */,
				B53F20771FC3342100006B67 /* ShellScript */,
				DD8EBFF992FA1FF3D58A538C /* [CP] Embed Pods Frameworks */,
				0B10D7954AF51D5AF66EC3F5 /* [CP] Copy Pods Resources */,
			);
			buildRules = (
			);
			dependencies = (
			);
			name = TrackingAdvisor;
			productName = TrackingAdvisor;
			productReference = B599B3A01FA0B57F006D70B4 /* TrackingAdvisor.app */;
			productType = "com.apple.product-type.application";
		};
		B599B3B61FA0B57F006D70B4 /* TrackingAdvisorTests */ = {
			isa = PBXNativeTarget;
			buildConfigurationList = B599B3CE1FA0B580006D70B4 /* Build configuration list for PBXNativeTarget "TrackingAdvisorTests" */;
			buildPhases = (
				AD127997D566BCFCF0082093 /* [CP] Check Pods Manifest.lock */,
				B599B3B31FA0B57F006D70B4 /* Sources */,
				B599B3B41FA0B57F006D70B4 /* Frameworks */,
				B599B3B51FA0B57F006D70B4 /* Resources */,
				C4DE704250666480E63FFDC1 /* [CP] Embed Pods Frameworks */,
				0117AD128905334A9C5ED9D5 /* [CP] Copy Pods Resources */,
			);
			buildRules = (
			);
			dependencies = (
				B599B3B91FA0B57F006D70B4 /* PBXTargetDependency */,
			);
			name = TrackingAdvisorTests;
			productName = TrackingAdvisorTests;
			productReference = B599B3B71FA0B57F006D70B4 /* TrackingAdvisorTests.xctest */;
			productType = "com.apple.product-type.bundle.unit-test";
		};
		B599B3C11FA0B580006D70B4 /* TrackingAdvisorUITests */ = {
			isa = PBXNativeTarget;
			buildConfigurationList = B599B3D11FA0B580006D70B4 /* Build configuration list for PBXNativeTarget "TrackingAdvisorUITests" */;
			buildPhases = (
				7C03E0038C9D320ACD05296E /* [CP] Check Pods Manifest.lock */,
				B599B3BE1FA0B580006D70B4 /* Sources */,
				B599B3BF1FA0B580006D70B4 /* Frameworks */,
				B599B3C01FA0B580006D70B4 /* Resources */,
				51EBA160AFD10A73670E6A7B /* [CP] Embed Pods Frameworks */,
				24281CD7DBE9C2927267346D /* [CP] Copy Pods Resources */,
			);
			buildRules = (
			);
			dependencies = (
				B599B3C41FA0B580006D70B4 /* PBXTargetDependency */,
			);
			name = TrackingAdvisorUITests;
			productName = TrackingAdvisorUITests;
			productReference = B599B3C21FA0B580006D70B4 /* TrackingAdvisorUITests.xctest */;
			productType = "com.apple.product-type.bundle.ui-testing";
		};
/* End PBXNativeTarget section */

/* Begin PBXProject section */
		B599B3981FA0B57F006D70B4 /* Project object */ = {
			isa = PBXProject;
			attributes = {
				LastSwiftUpdateCheck = 0910;
				LastUpgradeCheck = 0900;
				ORGANIZATIONNAME = "Benjamin BARON";
				TargetAttributes = {
					B599B39F1FA0B57F006D70B4 = {
						CreatedOnToolsVersion = 9.0;
						LastSwiftMigration = 0910;
						ProvisioningStyle = Automatic;
						SystemCapabilities = {
							com.apple.BackgroundModes = {
								enabled = 1;
							};
							com.apple.HealthKit = {
								enabled = 0;
							};
							com.apple.Maps.iOS = {
								enabled = 0;
							};
							com.apple.Push = {
								enabled = 1;
							};
						};
					};
					B599B3B61FA0B57F006D70B4 = {
						CreatedOnToolsVersion = 9.0;
						ProvisioningStyle = Automatic;
						TestTargetID = B599B39F1FA0B57F006D70B4;
					};
					B599B3C11FA0B580006D70B4 = {
						CreatedOnToolsVersion = 9.0;
						ProvisioningStyle = Automatic;
						TestTargetID = B599B39F1FA0B57F006D70B4;
					};
				};
			};
			buildConfigurationList = B599B39B1FA0B57F006D70B4 /* Build configuration list for PBXProject "TrackingAdvisor" */;
			compatibilityVersion = "Xcode 8.0";
			developmentRegion = en;
			hasScannedForEncodings = 0;
			knownRegions = (
				en,
				Base,
			);
			mainGroup = B599B3971FA0B57F006D70B4;
			productRefGroup = B599B3A11FA0B57F006D70B4 /* Products */;
			projectDirPath = "";
			projectRoot = "";
			targets = (
				B599B39F1FA0B57F006D70B4 /* TrackingAdvisor */,
				B599B3B61FA0B57F006D70B4 /* TrackingAdvisorTests */,
				B599B3C11FA0B580006D70B4 /* TrackingAdvisorUITests */,
			);
		};
/* End PBXProject section */

/* Begin PBXResourcesBuildPhase section */
		B599B39E1FA0B57F006D70B4 /* Resources */ = {
			isa = PBXResourcesBuildPhase;
			buildActionMask = 2147483647;
			files = (
				B599B3B11FA0B57F006D70B4 /* LaunchScreen.storyboard in Resources */,
				B584C21F1FA0F16B002582D1 /* Assets.xcassets in Resources */,
				B54D98EE2049AFF700CBECA4 /* LocationServicesDenied.storyboard in Resources */,
				B55B59DA206A2F460068BCA0 /* LocationServicesWhenInUse.storyboard in Resources */,
				B528F10E2056AAC500C0F059 /* OptOut.storyboard in Resources */,
				B599B3A91FA0B57F006D70B4 /* Main.storyboard in Resources */,
				B568B3BC202B05EC00425A20 /* Onboarding.storyboard in Resources */,
			);
			runOnlyForDeploymentPostprocessing = 0;
		};
		B599B3B51FA0B57F006D70B4 /* Resources */ = {
			isa = PBXResourcesBuildPhase;
			buildActionMask = 2147483647;
			files = (
			);
			runOnlyForDeploymentPostprocessing = 0;
		};
		B599B3C01FA0B580006D70B4 /* Resources */ = {
			isa = PBXResourcesBuildPhase;
			buildActionMask = 2147483647;
			files = (
			);
			runOnlyForDeploymentPostprocessing = 0;
		};
/* End PBXResourcesBuildPhase section */

/* Begin PBXShellScriptBuildPhase section */
		0117AD128905334A9C5ED9D5 /* [CP] Copy Pods Resources */ = {
			isa = PBXShellScriptBuildPhase;
			buildActionMask = 2147483647;
			files = (
			);
			inputPaths = (
			);
			name = "[CP] Copy Pods Resources";
			outputPaths = (
			);
			runOnlyForDeploymentPostprocessing = 0;
			shellPath = /bin/sh;
			shellScript = "\"${SRCROOT}/Pods/Target Support Files/Pods-TrackingAdvisorTests/Pods-TrackingAdvisorTests-resources.sh\"\n";
			showEnvVarsInLog = 0;
		};
		0B10D7954AF51D5AF66EC3F5 /* [CP] Copy Pods Resources */ = {
			isa = PBXShellScriptBuildPhase;
			buildActionMask = 2147483647;
			files = (
			);
			inputPaths = (
			);
			name = "[CP] Copy Pods Resources";
			outputPaths = (
			);
			runOnlyForDeploymentPostprocessing = 0;
			shellPath = /bin/sh;
			shellScript = "\"${SRCROOT}/Pods/Target Support Files/Pods-TrackingAdvisor/Pods-TrackingAdvisor-resources.sh\"\n";
			showEnvVarsInLog = 0;
		};
		24281CD7DBE9C2927267346D /* [CP] Copy Pods Resources */ = {
			isa = PBXShellScriptBuildPhase;
			buildActionMask = 2147483647;
			files = (
			);
			inputPaths = (
			);
			name = "[CP] Copy Pods Resources";
			outputPaths = (
			);
			runOnlyForDeploymentPostprocessing = 0;
			shellPath = /bin/sh;
			shellScript = "\"${SRCROOT}/Pods/Target Support Files/Pods-TrackingAdvisorUITests/Pods-TrackingAdvisorUITests-resources.sh\"\n";
			showEnvVarsInLog = 0;
		};
		51EBA160AFD10A73670E6A7B /* [CP] Embed Pods Frameworks */ = {
			isa = PBXShellScriptBuildPhase;
			buildActionMask = 2147483647;
			files = (
			);
			inputPaths = (
			);
			name = "[CP] Embed Pods Frameworks";
			outputPaths = (
			);
			runOnlyForDeploymentPostprocessing = 0;
			shellPath = /bin/sh;
			shellScript = "\"${SRCROOT}/Pods/Target Support Files/Pods-TrackingAdvisorUITests/Pods-TrackingAdvisorUITests-frameworks.sh\"\n";
			showEnvVarsInLog = 0;
		};
		7C03E0038C9D320ACD05296E /* [CP] Check Pods Manifest.lock */ = {
			isa = PBXShellScriptBuildPhase;
			buildActionMask = 2147483647;
			files = (
			);
			inputPaths = (
				"${PODS_PODFILE_DIR_PATH}/Podfile.lock",
				"${PODS_ROOT}/Manifest.lock",
			);
			name = "[CP] Check Pods Manifest.lock";
			outputPaths = (
				"$(DERIVED_FILE_DIR)/Pods-TrackingAdvisorUITests-checkManifestLockResult.txt",
			);
			runOnlyForDeploymentPostprocessing = 0;
			shellPath = /bin/sh;
			shellScript = "diff \"${PODS_PODFILE_DIR_PATH}/Podfile.lock\" \"${PODS_ROOT}/Manifest.lock\" > /dev/null\nif [ $? != 0 ] ; then\n    # print error to STDERR\n    echo \"error: The sandbox is not in sync with the Podfile.lock. Run 'pod install' or update your CocoaPods installation.\" >&2\n    exit 1\nfi\n# This output is used by Xcode 'outputs' to avoid re-running this script phase.\necho \"SUCCESS\" > \"${SCRIPT_OUTPUT_FILE_0}\"\n";
			showEnvVarsInLog = 0;
		};
		AD127997D566BCFCF0082093 /* [CP] Check Pods Manifest.lock */ = {
			isa = PBXShellScriptBuildPhase;
			buildActionMask = 2147483647;
			files = (
			);
			inputPaths = (
				"${PODS_PODFILE_DIR_PATH}/Podfile.lock",
				"${PODS_ROOT}/Manifest.lock",
			);
			name = "[CP] Check Pods Manifest.lock";
			outputPaths = (
				"$(DERIVED_FILE_DIR)/Pods-TrackingAdvisorTests-checkManifestLockResult.txt",
			);
			runOnlyForDeploymentPostprocessing = 0;
			shellPath = /bin/sh;
			shellScript = "diff \"${PODS_PODFILE_DIR_PATH}/Podfile.lock\" \"${PODS_ROOT}/Manifest.lock\" > /dev/null\nif [ $? != 0 ] ; then\n    # print error to STDERR\n    echo \"error: The sandbox is not in sync with the Podfile.lock. Run 'pod install' or update your CocoaPods installation.\" >&2\n    exit 1\nfi\n# This output is used by Xcode 'outputs' to avoid re-running this script phase.\necho \"SUCCESS\" > \"${SCRIPT_OUTPUT_FILE_0}\"\n";
			showEnvVarsInLog = 0;
		};
		AD4A89665D5D81958971A6AC /* [CP] Check Pods Manifest.lock */ = {
			isa = PBXShellScriptBuildPhase;
			buildActionMask = 2147483647;
			files = (
			);
			inputPaths = (
				"${PODS_PODFILE_DIR_PATH}/Podfile.lock",
				"${PODS_ROOT}/Manifest.lock",
			);
			name = "[CP] Check Pods Manifest.lock";
			outputPaths = (
				"$(DERIVED_FILE_DIR)/Pods-TrackingAdvisor-checkManifestLockResult.txt",
			);
			runOnlyForDeploymentPostprocessing = 0;
			shellPath = /bin/sh;
			shellScript = "diff \"${PODS_PODFILE_DIR_PATH}/Podfile.lock\" \"${PODS_ROOT}/Manifest.lock\" > /dev/null\nif [ $? != 0 ] ; then\n    # print error to STDERR\n    echo \"error: The sandbox is not in sync with the Podfile.lock. Run 'pod install' or update your CocoaPods installation.\" >&2\n    exit 1\nfi\n# This output is used by Xcode 'outputs' to avoid re-running this script phase.\necho \"SUCCESS\" > \"${SCRIPT_OUTPUT_FILE_0}\"\n";
			showEnvVarsInLog = 0;
		};
		B53F20771FC3342100006B67 /* ShellScript */ = {
			isa = PBXShellScriptBuildPhase;
			buildActionMask = 2147483647;
			files = (
			);
			inputPaths = (
			);
			outputPaths = (
			);
			runOnlyForDeploymentPostprocessing = 0;
			shellPath = /bin/sh;
			shellScript = "";
		};
		C4DE704250666480E63FFDC1 /* [CP] Embed Pods Frameworks */ = {
			isa = PBXShellScriptBuildPhase;
			buildActionMask = 2147483647;
			files = (
			);
			inputPaths = (
			);
			name = "[CP] Embed Pods Frameworks";
			outputPaths = (
			);
			runOnlyForDeploymentPostprocessing = 0;
			shellPath = /bin/sh;
			shellScript = "\"${SRCROOT}/Pods/Target Support Files/Pods-TrackingAdvisorTests/Pods-TrackingAdvisorTests-frameworks.sh\"\n";
			showEnvVarsInLog = 0;
		};
		DD8EBFF992FA1FF3D58A538C /* [CP] Embed Pods Frameworks */ = {
			isa = PBXShellScriptBuildPhase;
			buildActionMask = 2147483647;
			files = (
			);
			inputPaths = (
				"${SRCROOT}/Pods/Target Support Files/Pods-TrackingAdvisor/Pods-TrackingAdvisor-frameworks.sh",
				"${BUILT_PRODUCTS_DIR}/Alamofire/Alamofire.framework",
				"${BUILT_PRODUCTS_DIR}/Eureka/Eureka.framework",
				"${BUILT_PRODUCTS_DIR}/FloatRatingView/FloatRatingView.framework",
				"${BUILT_PRODUCTS_DIR}/Fuse/Fuse.framework",
				"${PODS_ROOT}/Mapbox-iOS-SDK/dynamic/Mapbox.framework",
				"${PODS_ROOT}/Mapbox-iOS-SDK/dynamic/Mapbox.framework.dSYM",
			);
			name = "[CP] Embed Pods Frameworks";
			outputPaths = (
				"${TARGET_BUILD_DIR}/${FRAMEWORKS_FOLDER_PATH}/Alamofire.framework",
				"${TARGET_BUILD_DIR}/${FRAMEWORKS_FOLDER_PATH}/Eureka.framework",
				"${TARGET_BUILD_DIR}/${FRAMEWORKS_FOLDER_PATH}/FloatRatingView.framework",
				"${TARGET_BUILD_DIR}/${FRAMEWORKS_FOLDER_PATH}/Fuse.framework",
				"${TARGET_BUILD_DIR}/${FRAMEWORKS_FOLDER_PATH}/Mapbox.framework",
				"${DWARF_DSYM_FOLDER_PATH}/Mapbox.framework.dSYM",
			);
			runOnlyForDeploymentPostprocessing = 0;
			shellPath = /bin/sh;
			shellScript = "\"${SRCROOT}/Pods/Target Support Files/Pods-TrackingAdvisor/Pods-TrackingAdvisor-frameworks.sh\"\n";
			showEnvVarsInLog = 0;
		};
/* End PBXShellScriptBuildPhase section */

/* Begin PBXSourcesBuildPhase section */
		B599B39C1FA0B57F006D70B4 /* Sources */ = {
			isa = PBXSourcesBuildPhase;
			buildActionMask = 2147483647;
			files = (
				B51C756A1FB4C643008C4BBF /* TaskService.swift in Sources */,
				B55DE5D41FAB582B00CACB47 /* DataStoreService.swift in Sources */,
				B5DA0A752052076500EDA570 /* PersonalInformationReviewCategory.swift in Sources */,
				B5174B69205723EC0018FB3F /* AggregatedPersonalInformation.swift in Sources */,
				B59E24572028B0DC008C8AC5 /* ReviewPersonalInformation.swift in Sources */,
				B5C347431FB064D50078C12E /* RawCollectedDataViewController.swift in Sources */,
				B5C347461FB0929F0078C12E /* EMPageViewController.swift in Sources */,
				B57F514E1FD55A5B0018B416 /* NetworkService.swift in Sources */,
				B507BB5C1FFFCA1F00FEBC34 /* ProfileViewController.swift in Sources */,
				B59F64001FE819220025BE06 /* PlaceFinderMapTableViewController.swift in Sources */,
				B51BAFBA1FD9621A00BE9CAA /* DateHandler.swift in Sources */,
				B5C3C9521FB20F750037DD22 /* LocationRegionService.swift in Sources */,
				B5DA0A71205061D400EDA570 /* UnifiedPlaceInformationCell.swift in Sources */,
				B58612751FB0D9C700480DD4 /* NotificationService.swift in Sources */,
				B51BAFBC1FD98D2900BE9CAA /* Settings.swift in Sources */,
				B54C36B1200EBAFC0085BFEA /* OneTimelinePlaceDetailPersonalInformationCollectionView.swift in Sources */,
				B5F20A80201BF0A700D24A70 /* ReviewChallenge.swift in Sources */,
				B577690420164C2B00A0FD1B /* HeaderPlace.swift in Sources */,
				B59ABF681FDAADA300A60066 /* PositionMapModalViewController.swift in Sources */,
				B5C28A89202E092A00B48017 /* HelperFunctions.swift in Sources */,
				B55B59DC206A37120068BCA0 /* OverlayView.swift in Sources */,
				B52AF1D01FA8C89F00FDDF2A /* ISTimeline.swift in Sources */,
				B5A22B882019F33D00B68BD8 /* Review.swift in Sources */,
				B511C4FF1FD5C039006A312C /* GetInTouchFormViewController.swift in Sources */,
				B5C347481FB092D40078C12E /* TimelineSwipeViewController.swift in Sources */,
				B58A6E141FCC4CF9003DA168 /* SettingsTableViewController.swift in Sources */,
				B58CAAFC2019F6FD0050A344 /* PersonalInformation.swift in Sources */,
				B50B66912049BC5600427222 /* UnifiedPlaceInformationViewController.swift in Sources */,
				B530432D1FDEDBD400DBC7C0 /* Networking.swift in Sources */,
				B53FB6FB1FAB74630000112E /* ActivityServiceOld.swift in Sources */,
				B54D98EC2048161F00CBECA4 /* ExplanationFeedbackViewController.swift in Sources */,
				B568D8821FB45FD800E051B1 /* ActivityService.swift in Sources */,
				B58B79181FC734A1007BA1BC /* Visit.swift in Sources */,
				B512ED441FBC8EB60062B9E1 /* Constants.swift in Sources */,
				B5C28A8B20321D2700B48017 /* CardView.swift in Sources */,
				B50EF6B21FA8AFAC0008ADFB /* LocationService.swift in Sources */,
				B599B3A41FA0B57F006D70B4 /* AppDelegate.swift in Sources */,
				B5C3474A1FB093F50078C12E /* OneTimelineViewController.swift in Sources */,
				B59E24552028A4AF008C8AC5 /* PersonalInformationCategory.swift in Sources */,
				B55C10101FED736B001EE08D /* PlaceReviewViewController.swift in Sources */,
				B59E24592028B3B1008C8AC5 /* ReviewVisit.swift in Sources */,
				B58B79211FC734AF007BA1BC /* Place.swift in Sources */,
				B530432F1FE0419600DBC7C0 /* OneTimelinePlaceDetailViewController.swift in Sources */,
				B53043231FDED92A00DBC7C0 /* UserUpdateHandler.swift in Sources */,
				B5C3474C1FB0B4760078C12E /* RawCollectedDataTextViewController.swift in Sources */,
				B568D8801FB45D0700E051B1 /* LocationAdaptiveService.swift in Sources */,
				B5FE77F31FA9F2F6002B5F0C /* MapCalendarContainerViewController.swift in Sources */,
				B58B79241FC742F9007BA1BC /* Move.swift in Sources */,
				B53FB6FD1FAB9A870000112E /* FileService.swift in Sources */,
				B51BAFB01FD961E200BE9CAA /* UserLocation.swift in Sources */,
				B5DA0A772052DEB300EDA570 /* PlacePersonalInformationReviewViewController.swift in Sources */,
				B5DA0A732051F6BD00EDA570 /* PersonalInformationReviewViewController.swift in Sources */,
				B5D63B401FED358700DAB61C /* Extensions.swift in Sources */,
				B5DA0A792052E2FD00EDA570 /* PlacePersonalInformationReviewCategory.swift in Sources */,
				B5317A9E203DCE420057B857 /* PersonalInformationChooserViewController.swift in Sources */,
				B568B3B2202B037F00425A20 /* OnboardingViewController.swift in Sources */,
				B52AF1CE1FA8C87D00FDDF2A /* ISPoint.swift in Sources */,
				B57768FA2016027900A0FD1B /* PlacePersonalInformationController.swift in Sources */,
				B5883BD51FA3274200EA8A02 /* TrackingAdvisor.xcdatamodeld in Sources */,
			);
			runOnlyForDeploymentPostprocessing = 0;
		};
		B599B3B31FA0B57F006D70B4 /* Sources */ = {
			isa = PBXSourcesBuildPhase;
			buildActionMask = 2147483647;
			files = (
				B599B3BC1FA0B57F006D70B4 /* TrackingAdvisorTests.swift in Sources */,
			);
			runOnlyForDeploymentPostprocessing = 0;
		};
		B599B3BE1FA0B580006D70B4 /* Sources */ = {
			isa = PBXSourcesBuildPhase;
			buildActionMask = 2147483647;
			files = (
				B599B3C71FA0B580006D70B4 /* TrackingAdvisorUITests.swift in Sources */,
			);
			runOnlyForDeploymentPostprocessing = 0;
		};
/* End PBXSourcesBuildPhase section */

/* Begin PBXTargetDependency section */
		B599B3B91FA0B57F006D70B4 /* PBXTargetDependency */ = {
			isa = PBXTargetDependency;
			target = B599B39F1FA0B57F006D70B4 /* TrackingAdvisor */;
			targetProxy = B599B3B81FA0B57F006D70B4 /* PBXContainerItemProxy */;
		};
		B599B3C41FA0B580006D70B4 /* PBXTargetDependency */ = {
			isa = PBXTargetDependency;
			target = B599B39F1FA0B57F006D70B4 /* TrackingAdvisor */;
			targetProxy = B599B3C31FA0B580006D70B4 /* PBXContainerItemProxy */;
		};
/* End PBXTargetDependency section */

/* Begin PBXVariantGroup section */
		B599B3A71FA0B57F006D70B4 /* Main.storyboard */ = {
			isa = PBXVariantGroup;
			children = (
				B599B3A81FA0B57F006D70B4 /* Base */,
			);
			name = Main.storyboard;
			sourceTree = "<group>";
		};
		B599B3AF1FA0B57F006D70B4 /* LaunchScreen.storyboard */ = {
			isa = PBXVariantGroup;
			children = (
				B599B3B01FA0B57F006D70B4 /* Base */,
			);
			name = LaunchScreen.storyboard;
			sourceTree = "<group>";
		};
/* End PBXVariantGroup section */

/* Begin XCBuildConfiguration section */
		B599B3C91FA0B580006D70B4 /* Debug */ = {
			isa = XCBuildConfiguration;
			buildSettings = {
				ALWAYS_SEARCH_USER_PATHS = NO;
				CLANG_ANALYZER_NONNULL = YES;
				CLANG_ANALYZER_NUMBER_OBJECT_CONVERSION = YES_AGGRESSIVE;
				CLANG_CXX_LANGUAGE_STANDARD = "gnu++14";
				CLANG_CXX_LIBRARY = "libc++";
				CLANG_ENABLE_MODULES = YES;
				CLANG_ENABLE_OBJC_ARC = YES;
				CLANG_WARN_BLOCK_CAPTURE_AUTORELEASING = YES;
				CLANG_WARN_BOOL_CONVERSION = YES;
				CLANG_WARN_COMMA = YES;
				CLANG_WARN_CONSTANT_CONVERSION = YES;
				CLANG_WARN_DIRECT_OBJC_ISA_USAGE = YES_ERROR;
				CLANG_WARN_DOCUMENTATION_COMMENTS = YES;
				CLANG_WARN_EMPTY_BODY = YES;
				CLANG_WARN_ENUM_CONVERSION = YES;
				CLANG_WARN_INFINITE_RECURSION = YES;
				CLANG_WARN_INT_CONVERSION = YES;
				CLANG_WARN_NON_LITERAL_NULL_CONVERSION = YES;
				CLANG_WARN_OBJC_LITERAL_CONVERSION = YES;
				CLANG_WARN_OBJC_ROOT_CLASS = YES_ERROR;
				CLANG_WARN_RANGE_LOOP_ANALYSIS = YES;
				CLANG_WARN_STRICT_PROTOTYPES = YES;
				CLANG_WARN_SUSPICIOUS_MOVE = YES;
				CLANG_WARN_UNGUARDED_AVAILABILITY = YES_AGGRESSIVE;
				CLANG_WARN_UNREACHABLE_CODE = YES;
				CLANG_WARN__DUPLICATE_METHOD_MATCH = YES;
				CODE_SIGN_IDENTITY = "iPhone Developer";
				COPY_PHASE_STRIP = NO;
				DEBUG_INFORMATION_FORMAT = dwarf;
				ENABLE_STRICT_OBJC_MSGSEND = YES;
				ENABLE_TESTABILITY = YES;
				GCC_C_LANGUAGE_STANDARD = gnu11;
				GCC_DYNAMIC_NO_PIC = NO;
				GCC_NO_COMMON_BLOCKS = YES;
				GCC_OPTIMIZATION_LEVEL = 0;
				GCC_PREPROCESSOR_DEFINITIONS = (
					"DEBUG=1",
					"$(inherited)",
				);
				GCC_WARN_64_TO_32_BIT_CONVERSION = YES;
				GCC_WARN_ABOUT_RETURN_TYPE = YES_ERROR;
				GCC_WARN_UNDECLARED_SELECTOR = YES;
				GCC_WARN_UNINITIALIZED_AUTOS = YES_AGGRESSIVE;
				GCC_WARN_UNUSED_FUNCTION = YES;
				GCC_WARN_UNUSED_VARIABLE = YES;
				IPHONEOS_DEPLOYMENT_TARGET = 11.0;
				MTL_ENABLE_DEBUG_INFO = YES;
				ONLY_ACTIVE_ARCH = YES;
				SDKROOT = iphoneos;
				SWIFT_ACTIVE_COMPILATION_CONDITIONS = DEBUG;
				SWIFT_OPTIMIZATION_LEVEL = "-Onone";
			};
			name = Debug;
		};
		B599B3CA1FA0B580006D70B4 /* Release */ = {
			isa = XCBuildConfiguration;
			buildSettings = {
				ALWAYS_SEARCH_USER_PATHS = NO;
				CLANG_ANALYZER_NONNULL = YES;
				CLANG_ANALYZER_NUMBER_OBJECT_CONVERSION = YES_AGGRESSIVE;
				CLANG_CXX_LANGUAGE_STANDARD = "gnu++14";
				CLANG_CXX_LIBRARY = "libc++";
				CLANG_ENABLE_MODULES = YES;
				CLANG_ENABLE_OBJC_ARC = YES;
				CLANG_WARN_BLOCK_CAPTURE_AUTORELEASING = YES;
				CLANG_WARN_BOOL_CONVERSION = YES;
				CLANG_WARN_COMMA = YES;
				CLANG_WARN_CONSTANT_CONVERSION = YES;
				CLANG_WARN_DIRECT_OBJC_ISA_USAGE = YES_ERROR;
				CLANG_WARN_DOCUMENTATION_COMMENTS = YES;
				CLANG_WARN_EMPTY_BODY = YES;
				CLANG_WARN_ENUM_CONVERSION = YES;
				CLANG_WARN_INFINITE_RECURSION = YES;
				CLANG_WARN_INT_CONVERSION = YES;
				CLANG_WARN_NON_LITERAL_NULL_CONVERSION = YES;
				CLANG_WARN_OBJC_LITERAL_CONVERSION = YES;
				CLANG_WARN_OBJC_ROOT_CLASS = YES_ERROR;
				CLANG_WARN_RANGE_LOOP_ANALYSIS = YES;
				CLANG_WARN_STRICT_PROTOTYPES = YES;
				CLANG_WARN_SUSPICIOUS_MOVE = YES;
				CLANG_WARN_UNGUARDED_AVAILABILITY = YES_AGGRESSIVE;
				CLANG_WARN_UNREACHABLE_CODE = YES;
				CLANG_WARN__DUPLICATE_METHOD_MATCH = YES;
				CODE_SIGN_IDENTITY = "iPhone Developer";
				COPY_PHASE_STRIP = NO;
				DEBUG_INFORMATION_FORMAT = "dwarf-with-dsym";
				ENABLE_NS_ASSERTIONS = NO;
				ENABLE_STRICT_OBJC_MSGSEND = YES;
				GCC_C_LANGUAGE_STANDARD = gnu11;
				GCC_NO_COMMON_BLOCKS = YES;
				GCC_WARN_64_TO_32_BIT_CONVERSION = YES;
				GCC_WARN_ABOUT_RETURN_TYPE = YES_ERROR;
				GCC_WARN_UNDECLARED_SELECTOR = YES;
				GCC_WARN_UNINITIALIZED_AUTOS = YES_AGGRESSIVE;
				GCC_WARN_UNUSED_FUNCTION = YES;
				GCC_WARN_UNUSED_VARIABLE = YES;
				IPHONEOS_DEPLOYMENT_TARGET = 11.0;
				MTL_ENABLE_DEBUG_INFO = NO;
				SDKROOT = iphoneos;
				SWIFT_OPTIMIZATION_LEVEL = "-Owholemodule";
				VALIDATE_PRODUCT = YES;
			};
			name = Release;
		};
		B599B3CC1FA0B580006D70B4 /* Debug */ = {
			isa = XCBuildConfiguration;
			baseConfigurationReference = 540E148FC3AD46C7331C2D8E /* Pods-TrackingAdvisor.debug.xcconfig */;
			buildSettings = {
				ALWAYS_EMBED_SWIFT_STANDARD_LIBRARIES = "$(inherited)";
				ASSETCATALOG_COMPILER_APPICON_NAME = AppIcon;
				CLANG_ENABLE_MODULES = YES;
				CODE_SIGN_ENTITLEMENTS = TrackingAdvisor/TrackingAdvisor.entitlements;
				CODE_SIGN_IDENTITY = "iPhone Distribution";
				"CODE_SIGN_IDENTITY[sdk=iphoneos*]" = "iPhone Developer";
				CODE_SIGN_STYLE = Automatic;
				DEVELOPMENT_TEAM = 8UMT23UD55;
				FRAMEWORK_SEARCH_PATHS = (
					"$(inherited)",
					"$(PROJECT_DIR)",
				);
				INFOPLIST_FILE = TrackingAdvisor/Info.plist;
				IPHONEOS_DEPLOYMENT_TARGET = 10.0;
				LD_RUNPATH_SEARCH_PATHS = "$(inherited) @executable_path/Frameworks";
				PRODUCT_BUNDLE_IDENTIFIER = TrackingAdvisor;
				PRODUCT_NAME = "$(TARGET_NAME)";
				PROVISIONING_PROFILE = "";
				PROVISIONING_PROFILE_SPECIFIER = "";
				SWIFT_OPTIMIZATION_LEVEL = "-Onone";
				SWIFT_VERSION = 4.0;
				TARGETED_DEVICE_FAMILY = 1;
			};
			name = Debug;
		};
		B599B3CD1FA0B580006D70B4 /* Release */ = {
			isa = XCBuildConfiguration;
			baseConfigurationReference = 80CC1541D9866D42E9CA4ABE /* Pods-TrackingAdvisor.release.xcconfig */;
			buildSettings = {
				ALWAYS_EMBED_SWIFT_STANDARD_LIBRARIES = "$(inherited)";
				ASSETCATALOG_COMPILER_APPICON_NAME = AppIcon;
				CLANG_ENABLE_MODULES = YES;
				CODE_SIGN_ENTITLEMENTS = TrackingAdvisor/TrackingAdvisor.entitlements;
				CODE_SIGN_IDENTITY = "iPhone Distribution";
				"CODE_SIGN_IDENTITY[sdk=iphoneos*]" = "iPhone Developer";
				CODE_SIGN_STYLE = Automatic;
				DEVELOPMENT_TEAM = 8UMT23UD55;
				FRAMEWORK_SEARCH_PATHS = (
					"$(inherited)",
					"$(PROJECT_DIR)",
				);
				INFOPLIST_FILE = TrackingAdvisor/Info.plist;
				IPHONEOS_DEPLOYMENT_TARGET = 10.0;
				LD_RUNPATH_SEARCH_PATHS = "$(inherited) @executable_path/Frameworks";
				PRODUCT_BUNDLE_IDENTIFIER = TrackingAdvisor;
				PRODUCT_NAME = "$(TARGET_NAME)";
				PROVISIONING_PROFILE = "";
				PROVISIONING_PROFILE_SPECIFIER = "";
				SWIFT_VERSION = 4.0;
				TARGETED_DEVICE_FAMILY = 1;
			};
			name = Release;
		};
		B599B3CF1FA0B580006D70B4 /* Debug */ = {
			isa = XCBuildConfiguration;
			baseConfigurationReference = 991C7F852DBD270BE0CA474C /* Pods-TrackingAdvisorTests.debug.xcconfig */;
			buildSettings = {
				ALWAYS_EMBED_SWIFT_STANDARD_LIBRARIES = YES;
				BUNDLE_LOADER = "$(TEST_HOST)";
				CODE_SIGN_STYLE = Automatic;
				DEVELOPMENT_TEAM = E62AN8TV9T;
				INFOPLIST_FILE = TrackingAdvisorTests/Info.plist;
				LD_RUNPATH_SEARCH_PATHS = "$(inherited) @executable_path/Frameworks @loader_path/Frameworks";
				PRODUCT_BUNDLE_IDENTIFIER = com.ben.TrackingAdvisorTests;
				PRODUCT_NAME = "$(TARGET_NAME)";
				SWIFT_VERSION = 4.0;
				TARGETED_DEVICE_FAMILY = "1,2";
				TEST_HOST = "$(BUILT_PRODUCTS_DIR)/TrackingAdvisor.app/TrackingAdvisor";
			};
			name = Debug;
		};
		B599B3D01FA0B580006D70B4 /* Release */ = {
			isa = XCBuildConfiguration;
			baseConfigurationReference = FCD4D9AF39ACD952AA1672C7 /* Pods-TrackingAdvisorTests.release.xcconfig */;
			buildSettings = {
				ALWAYS_EMBED_SWIFT_STANDARD_LIBRARIES = YES;
				BUNDLE_LOADER = "$(TEST_HOST)";
				CODE_SIGN_STYLE = Automatic;
				DEVELOPMENT_TEAM = E62AN8TV9T;
				INFOPLIST_FILE = TrackingAdvisorTests/Info.plist;
				LD_RUNPATH_SEARCH_PATHS = "$(inherited) @executable_path/Frameworks @loader_path/Frameworks";
				PRODUCT_BUNDLE_IDENTIFIER = com.ben.TrackingAdvisorTests;
				PRODUCT_NAME = "$(TARGET_NAME)";
				SWIFT_VERSION = 4.0;
				TARGETED_DEVICE_FAMILY = "1,2";
				TEST_HOST = "$(BUILT_PRODUCTS_DIR)/TrackingAdvisor.app/TrackingAdvisor";
			};
			name = Release;
		};
		B599B3D21FA0B580006D70B4 /* Debug */ = {
			isa = XCBuildConfiguration;
			baseConfigurationReference = FE631034DB767391DB7E2474 /* Pods-TrackingAdvisorUITests.debug.xcconfig */;
			buildSettings = {
				ALWAYS_EMBED_SWIFT_STANDARD_LIBRARIES = YES;
				CODE_SIGN_STYLE = Automatic;
				DEVELOPMENT_TEAM = E62AN8TV9T;
				INFOPLIST_FILE = TrackingAdvisorUITests/Info.plist;
				LD_RUNPATH_SEARCH_PATHS = "$(inherited) @executable_path/Frameworks @loader_path/Frameworks";
				PRODUCT_BUNDLE_IDENTIFIER = com.ben.TrackingAdvisorUITests;
				PRODUCT_NAME = "$(TARGET_NAME)";
				SWIFT_VERSION = 4.0;
				TARGETED_DEVICE_FAMILY = "1,2";
				TEST_TARGET_NAME = TrackingAdvisor;
			};
			name = Debug;
		};
		B599B3D31FA0B580006D70B4 /* Release */ = {
			isa = XCBuildConfiguration;
			baseConfigurationReference = EB15ED05F8CE9C40F1336501 /* Pods-TrackingAdvisorUITests.release.xcconfig */;
			buildSettings = {
				ALWAYS_EMBED_SWIFT_STANDARD_LIBRARIES = YES;
				CODE_SIGN_STYLE = Automatic;
				DEVELOPMENT_TEAM = E62AN8TV9T;
				INFOPLIST_FILE = TrackingAdvisorUITests/Info.plist;
				LD_RUNPATH_SEARCH_PATHS = "$(inherited) @executable_path/Frameworks @loader_path/Frameworks";
				PRODUCT_BUNDLE_IDENTIFIER = com.ben.TrackingAdvisorUITests;
				PRODUCT_NAME = "$(TARGET_NAME)";
				SWIFT_VERSION = 4.0;
				TARGETED_DEVICE_FAMILY = "1,2";
				TEST_TARGET_NAME = TrackingAdvisor;
			};
			name = Release;
		};
/* End XCBuildConfiguration section */

/* Begin XCConfigurationList section */
		B599B39B1FA0B57F006D70B4 /* Build configuration list for PBXProject "TrackingAdvisor" */ = {
			isa = XCConfigurationList;
			buildConfigurations = (
				B599B3C91FA0B580006D70B4 /* Debug */,
				B599B3CA1FA0B580006D70B4 /* Release */,
			);
			defaultConfigurationIsVisible = 0;
			defaultConfigurationName = Release;
		};
		B599B3CB1FA0B580006D70B4 /* Build configuration list for PBXNativeTarget "TrackingAdvisor" */ = {
			isa = XCConfigurationList;
			buildConfigurations = (
				B599B3CC1FA0B580006D70B4 /* Debug */,
				B599B3CD1FA0B580006D70B4 /* Release */,
			);
			defaultConfigurationIsVisible = 0;
			defaultConfigurationName = Release;
		};
		B599B3CE1FA0B580006D70B4 /* Build configuration list for PBXNativeTarget "TrackingAdvisorTests" */ = {
			isa = XCConfigurationList;
			buildConfigurations = (
				B599B3CF1FA0B580006D70B4 /* Debug */,
				B599B3D01FA0B580006D70B4 /* Release */,
			);
			defaultConfigurationIsVisible = 0;
			defaultConfigurationName = Release;
		};
		B599B3D11FA0B580006D70B4 /* Build configuration list for PBXNativeTarget "TrackingAdvisorUITests" */ = {
			isa = XCConfigurationList;
			buildConfigurations = (
				B599B3D21FA0B580006D70B4 /* Debug */,
				B599B3D31FA0B580006D70B4 /* Release */,
			);
			defaultConfigurationIsVisible = 0;
			defaultConfigurationName = Release;
		};
/* End XCConfigurationList section */

/* Begin XCVersionGroup section */
		B5883BD31FA3274100EA8A02 /* TrackingAdvisor.xcdatamodeld */ = {
			isa = XCVersionGroup;
			children = (
				B5883BD41FA3274100EA8A02 /* TrackingAdvisor.xcdatamodel */,
			);
			currentVersion = B5883BD41FA3274100EA8A02 /* TrackingAdvisor.xcdatamodel */;
			path = TrackingAdvisor.xcdatamodeld;
			sourceTree = "<group>";
			versionGroupType = wrapper.xcdatamodel;
		};
/* End XCVersionGroup section */
	};
	rootObject = B599B3981FA0B57F006D70B4 /* Project object */;
}
