PODS:
  - Alamofire (4.7.1)
  - Cosmos (15.0.0)
  - Eureka (4.1.1)
  - Fuse (1.1.0)
  - Mapbox-iOS-SDK (3.7.6)

DEPENDENCIES:
  - Alamofire (~> 4.6)
  - Cosmos (~> 15.0)
  - Eureka (~> 4.0)
  - Fuse
  - Mapbox-iOS-SDK (~> 3.7)

SPEC REPOS:
  https://github.com/CocoaPods/Specs.git:
    - Alamofire
    - Cosmos
    - Eureka
    - Fuse
    - Mapbox-iOS-SDK

SPEC CHECKSUMS:
  Alamofire: 68d7d521118d49c615a8d2214d87cdf525599d30
  Cosmos: a6dbd3d0baa0cc8f51f8598f7508d5a09d0a9ade
  Eureka: b88fb930e42c79f8c03c373d0fcdc28c1d6c50ed
  Fuse: 34e3968a93e77b774af6b8b631fcfb61bf829c98
  Mapbox-iOS-SDK: 23ececda1d90c3b436b45e2c88e9677f025303c0

PODFILE CHECKSUM: 48fee7375f48d73364cde2def898f5a847923e71

COCOAPODS: 1.5.0
