PODS:
  - Alamofire (4.7.1)
  - Cosmos (15.0.0)
  - Eureka (4.1.1)
  - Fuse (1.1.0)
  - Mapbox-iOS-SDK (4.0.1)
  - MKRingProgressView (1.2)

DEPENDENCIES:
  - Alamofire (~> 4.6)
  - Cosmos (~> 15.0)
  - Eureka (~> 4.0)
  - Fuse
  - Mapbox-iOS-SDK (~> 4.0)
  - MKRingProgressView

SPEC REPOS:
  https://github.com/cocoapods/specs.git:
    - Alamofire
    - Cosmos
    - Eureka
    - Fuse
    - Mapbox-iOS-SDK
    - MKRingProgressView

SPEC CHECKSUMS:
  Alamofire: 68d7d521118d49c615a8d2214d87cdf525599d30
  Cosmos: a6dbd3d0baa0cc8f51f8598f7508d5a09d0a9ade
  Eureka: b88fb930e42c79f8c03c373d0fcdc28c1d6c50ed
  Fuse: 34e3968a93e77b774af6b8b631fcfb61bf829c98
  Mapbox-iOS-SDK: 09b978be732d753e5c5e2911460fc0a018ce9be6
  MKRingProgressView: 023e2241d1ef23b05cb9893aa4878395861e3902

PODFILE CHECKSUM: 8d91f090b90148c1e47ee7fb8369933cec662e5c

COCOAPODS: 1.5.2
